
Microsoft Visual Studio Solution File, Format Version 12.00
# Visual Studio Version 17
VisualStudioVersion = 17.5.33424.131
MinimumVisualStudioVersion = 10.0.40219.1
Project("{FAE04EC0-301F-11D3-BF4B-00C04F79EFBC}") = "Chat", "Chat\Chat.csproj", "{10F0F5D1-BBF9-4E12-B9A3-73758228A6E8}"
EndProject
Global
	GlobalSection(SolutionConfigurationPlatforms) = preSolution
		Debug|Any CPU = Debug|Any CPU
		Release|Any CPU = Release|Any CPU
	EndGlobalSection
	GlobalSection(ProjectConfigurationPlatforms) = postSolution
		{10F0F5D1-BBF9-4E12-B9A3-73758228A6E8}.Debug|Any CPU.ActiveCfg = Debug|Any CPU
		{10F0F5D1-BBF9-4E12-B9A3-73758228A6E8}.Debug|Any CPU.Build.0 = Debug|Any CPU
		{10F0F5D1-BBF9-4E12-B9A3-73758228A6E8}.Release|Any CPU.ActiveCfg = Release|Any CPU
		{10F0F5D1-BBF9-4E12-B9A3-73758228A6E8}.Release|Any CPU.Build.0 = Release|Any CPU
	EndGlobalSection
	GlobalSection(SolutionProperties) = preSolution
		HideSolutionNode = FALSE
	EndGlobalSection
	GlobalSection(ExtensibilityGlobals) = postSolution
		SolutionGuid = {507A80BB-0270-425B-8B83-52D1DADA060A}
	EndGlobalSection
EndGlobal
